
Microsoft Visual Studio Solution File, Format Version 12.00
# Visual Studio Version 17
VisualStudioVersion = 17.2.32526.322
MinimumVisualStudioVersion = 10.0.40219.1
Project("{FAE04EC0-301F-11D3-BF4B-00C04F79EFBC}") = "CruatechTestClientApp", "CruatechTestClientApp.csproj", "{895157DC-0382-4A78-96D2-9E6E42B69610}"
EndProject
Global
	GlobalSection(SolutionConfigurationPlatforms) = preSolution
		Debug|Any CPU = Debug|Any CPU
		Release|Any CPU = Release|Any CPU
	EndGlobalSection
	GlobalSection(ProjectConfigurationPlatforms) = postSolution
		{895157DC-0382-4A78-96D2-9E6E42B69610}.Debug|Any CPU.ActiveCfg = Debug|Any CPU
		{895157DC-0382-4A78-96D2-9E6E42B69610}.Debug|Any CPU.Build.0 = Debug|Any CPU
		{895157DC-0382-4A78-96D2-9E6E42B69610}.Release|Any CPU.ActiveCfg = Release|Any CPU
		{895157DC-0382-4A78-96D2-9E6E42B69610}.Release|Any CPU.Build.0 = Release|Any CPU
	EndGlobalSection
	GlobalSection(SolutionProperties) = preSolution
		HideSolutionNode = FALSE
	EndGlobalSection
	GlobalSection(ExtensibilityGlobals) = postSolution
		SolutionGuid = {971D2081-C4D8-4227-BAC6-60E5FF9EB10E}
	EndGlobalSection
EndGlobal
